
Microsoft Visual Studio Solution File, Format Version 12.00
# Visual Studio 15
Project("{FAE04EC0-301F-11D3-BF4B-00C04F79EFBC}") = "Assembly-CSharp", "Assembly-CSharp.csproj", "{760A17EF-F086-DDBE-A7F5-5B1F4F951C5A}"
EndProject
Project("{FAE04EC0-301F-11D3-BF4B-00C04F79EFBC}") = "Assembly-CSharp-Editor", "Assembly-CSharp-Editor.csproj", "{1F1B0264-73C9-0837-AE4F-073751FA6815}"
EndProject
Global
	GlobalSection(SolutionConfigurationPlatforms) = preSolution
		Debug|Any CPU = Debug|Any CPU
		Release|Any CPU = Release|Any CPU
	EndGlobalSection
	GlobalSection(ProjectConfigurationPlatforms) = postSolution
		{760A17EF-F086-DDBE-A7F5-5B1F4F951C5A}.Debug|Any CPU.ActiveCfg = Debug|Any CPU
		{760A17EF-F086-DDBE-A7F5-5B1F4F951C5A}.Debug|Any CPU.Build.0 = Debug|Any CPU
		{760A17EF-F086-DDBE-A7F5-5B1F4F951C5A}.Release|Any CPU.ActiveCfg = Release|Any CPU
		{760A17EF-F086-DDBE-A7F5-5B1F4F951C5A}.Release|Any CPU.Build.0 = Release|Any CPU
		{1F1B0264-73C9-0837-AE4F-073751FA6815}.Debug|Any CPU.ActiveCfg = Debug|Any CPU
		{1F1B0264-73C9-0837-AE4F-073751FA6815}.Debug|Any CPU.Build.0 = Debug|Any CPU
		{1F1B0264-73C9-0837-AE4F-073751FA6815}.Release|Any CPU.ActiveCfg = Release|Any CPU
		{1F1B0264-73C9-0837-AE4F-073751FA6815}.Release|Any CPU.Build.0 = Release|Any CPU
	EndGlobalSection
	GlobalSection(SolutionProperties) = preSolution
		HideSolutionNode = FALSE
	EndGlobalSection
EndGlobal
